<?xml version="1.0" encoding="UTF-8"?>
<Scheme
   LastUpgradeVersion = "1120"
   version = "1.3">
   <BuildAction
      parallelizeBuildables = "YES"
      buildImplicitDependencies = "YES">
      <BuildActionEntries>
         <BuildActionEntry
            buildForTesting = "YES"
            buildForRunning = "YES"
            buildForProfiling = "YES"
            buildForArchiving = "YES"
            buildForAnalyzing = "YES">
            <BuildableReference
               BuildableIdentifier = "primary"
               BlueprintIdentifier = "D4DF78B121FF2A7C00E9CB70"
               BuildableName = "RVS_ONVIF_iOS.framework"
               BlueprintName = "RVS_ONVIF_iOS"
               ReferencedContainer = "container:RVS_ONVIF.xcodeproj">
            </BuildableReference>
         </BuildActionEntry>
      </BuildActionEntries>
   </BuildAction>
   <TestAction
      buildConfiguration = "Debug"
      selectedDebuggerIdentifier = "Xcode.DebuggerFoundation.Debugger.LLDB"
      selectedLauncherIdentifier = "Xcode.DebuggerFoundation.Launcher.LLDB"
      shouldUseLaunchSchemeArgsEnv = "YES">
      <MacroExpansion>
         <BuildableReference
            BuildableIdentifier = "primary"
            BlueprintIdentifier = "D4DF78B121FF2A7C00E9CB70"
            BuildableName = "RVS_ONVIF_iOS.framework"
            BlueprintName = "RVS_ONVIF_iOS"
            ReferencedContainer = "container:RVS_ONVIF.xcodeproj">
         </BuildableReference>
      </MacroExpansion>
      <Testables>
         <TestableReference
            skipped = "NO">
            <BuildableReference
               BuildableIdentifier = "primary"
               BlueprintIdentifier = "D4869F7622ABF4DD00521845"
               BuildableName = "RVS_ONVIF_iOS_Tests.xctest"
               BlueprintName = "RVS_ONVIF_iOS_Tests"
               ReferencedContainer = "container:RVS_ONVIF.xcodeproj">
            </BuildableReference>
            <SkippedTests>
               <Test
                  Identifier = "RVS_ONVIF_Generic_TestBaseClass">
               </Test>
               <Test
                  Identifier = "RVS_ONVIF_Tests_AxisM5525E_Profile_S_Dispatcher">
               </Test>
               <Test
                  Identifier = "RVS_ONVIF_Tests_HikvisionDS2CD2143G0I_Initializer">
               </Test>
               <Test
                  Identifier = "RVS_ONVIF_Tests_HikvisionDS2CD2143G0I_Profile_S_Dispatcher">
               </Test>
               <Test
                  Identifier = "RVS_ONVIF_Tests_PelcoIMP3211ES_Initializer">
               </Test>
               <Test
                  Identifier = "RVS_ONVIF_Tests_PelcoIMP3211ES_Profile_S_Dispatcher">
               </Test>
            </SkippedTests>
         </TestableReference>
      </Testables>
   </TestAction>
   <LaunchAction
      buildConfiguration = "Debug"
      selectedDebuggerIdentifier = "Xcode.DebuggerFoundation.Debugger.LLDB"
      selectedLauncherIdentifier = "Xcode.DebuggerFoundation.Launcher.LLDB"
      launchStyle = "0"
      useCustomWorkingDirectory = "NO"
      ignoresPersistentStateOnLaunch = "NO"
      debugDocumentVersioning = "YES"
      debugServiceExtension = "internal"
      allowLocationSimulation = "YES">
      <MacroExpansion>
         <BuildableReference
            BuildableIdentifier = "primary"
            BlueprintIdentifier = "D4DF78B121FF2A7C00E9CB70"
            BuildableName = "RVS_ONVIF_iOS.framework"
            BlueprintName = "RVS_ONVIF_iOS"
            ReferencedContainer = "container:RVS_ONVIF.xcodeproj">
         </BuildableReference>
      </MacroExpansion>
   </LaunchAction>
   <ProfileAction
      buildConfiguration = "Release"
      shouldUseLaunchSchemeArgsEnv = "YES"
      savedToolIdentifier = ""
      useCustomWorkingDirectory = "NO"
      debugDocumentVersioning = "YES">
      <MacroExpansion>
         <BuildableReference
            BuildableIdentifier = "primary"
            BlueprintIdentifier = "D4DF78B121FF2A7C00E9CB70"
            BuildableName = "RVS_ONVIF_iOS.framework"
            BlueprintName = "RVS_ONVIF_iOS"
            ReferencedContainer = "container:RVS_ONVIF.xcodeproj">
         </BuildableReference>
      </MacroExpansion>
   </ProfileAction>
   <AnalyzeAction
      buildConfiguration = "Debug">
   </AnalyzeAction>
   <ArchiveAction
      buildConfiguration = "Release"
      revealArchiveInOrganizer = "YES">
   </ArchiveAction>
</Scheme>
